PODS:
  - Alamofire (4.6.0)
  - DATASource (7.0.1)
  - DATAStack (8.0.1)
  - Font-Awesome-Swift (1.7.2)
  - MBProgressHUD (1.1.0)
  - ObjectMapper (3.1.0)
  - SDWebImage (4.2.3):
    - SDWebImage/Core (= 4.2.3)
  - SDWebImage/Core (4.2.3)
  - Sync (4.1.0)

DEPENDENCIES:
  - Alamofire (~> 4.5)
  - DATASource
  - DATAStack
  - Font-Awesome-Swift
  - MBProgressHUD
  - ObjectMapper (~> 3.1)
  - SDWebImage (~> 4.0)
  - Sync

SPEC CHECKSUMS:
  Alamofire: f41a599bd63041760b26d393ec1069d9d7b917f4
  DATASource: 8cc3060d145b8b1855859f92fbff52b1b1930c7e
  DATAStack: 743c6f0f06a8141c2d42b31f293ba3a056a7d4ba
  Font-Awesome-Swift: 83ab9db365379ee6025167cec67bdc5d3226a811
  MBProgressHUD: e7baa36a220447d8aeb12769bf0585582f3866d9
  ObjectMapper: 20505058f54e5c3ca69e1d6de9897d152a5369a6
  SDWebImage: 791bb72962b3492327ddcac4b1880bd1b5458431
  Sync: 8cee659aef49c08e00113eb96a42cb504c64bd75

PODFILE CHECKSUM: 50eeac76f3c14b73631286f06f8c7952087d6c1e

COCOAPODS: 1.4.0.beta.2
