// !$*UTF8*$!
{
	archiveVersion = 1;
	classes = {
	};
	objectVersion = 48;
	objects = {

/* Begin PBXBuildFile section */
		1107F2A3202088F9000E7579 /* LicenseEntity.swift in Sources */ = {isa = PBXBuildFile; fileRef = 1107F2A2202088F9000E7579 /* LicenseEntity.swift */; };
		1107F2A4202088F9000E7579 /* LicenseEntity.swift in Sources */ = {isa = PBXBuildFile; fileRef = 1107F2A2202088F9000E7579 /* LicenseEntity.swift */; };
		1107F2A5202088F9000E7579 /* LicenseEntity.swift in Sources */ = {isa = PBXBuildFile; fileRef = 1107F2A2202088F9000E7579 /* LicenseEntity.swift */; };
		1107F2A720208917000E7579 /* RepositoryEntity.swift in Sources */ = {isa = PBXBuildFile; fileRef = 1107F2A620208917000E7579 /* RepositoryEntity.swift */; };
		1107F2A820208917000E7579 /* RepositoryEntity.swift in Sources */ = {isa = PBXBuildFile; fileRef = 1107F2A620208917000E7579 /* RepositoryEntity.swift */; };
		1107F2A920208917000E7579 /* RepositoryEntity.swift in Sources */ = {isa = PBXBuildFile; fileRef = 1107F2A620208917000E7579 /* RepositoryEntity.swift */; };
		1107F2AB20208926000E7579 /* OwnerEntity.swift in Sources */ = {isa = PBXBuildFile; fileRef = 1107F2AA20208926000E7579 /* OwnerEntity.swift */; };
		1107F2AC20208926000E7579 /* OwnerEntity.swift in Sources */ = {isa = PBXBuildFile; fileRef = 1107F2AA20208926000E7579 /* OwnerEntity.swift */; };
		1107F2AD20208926000E7579 /* OwnerEntity.swift in Sources */ = {isa = PBXBuildFile; fileRef = 1107F2AA20208926000E7579 /* OwnerEntity.swift */; };
		1107F2B12020941F000E7579 /* RepositoriesInteractor.swift in Sources */ = {isa = PBXBuildFile; fileRef = 1107F2B02020941F000E7579 /* RepositoriesInteractor.swift */; };
		1107F2B22020941F000E7579 /* RepositoriesInteractor.swift in Sources */ = {isa = PBXBuildFile; fileRef = 1107F2B02020941F000E7579 /* RepositoriesInteractor.swift */; };
		1107F2B32020941F000E7579 /* RepositoriesInteractor.swift in Sources */ = {isa = PBXBuildFile; fileRef = 1107F2B02020941F000E7579 /* RepositoriesInteractor.swift */; };
		1107F2B5202094BB000E7579 /* RepositoriesRemoteDataManager.swift in Sources */ = {isa = PBXBuildFile; fileRef = 1107F2B4202094BB000E7579 /* RepositoriesRemoteDataManager.swift */; };
		1107F2B6202094BB000E7579 /* RepositoriesRemoteDataManager.swift in Sources */ = {isa = PBXBuildFile; fileRef = 1107F2B4202094BB000E7579 /* RepositoriesRemoteDataManager.swift */; };
		1107F2B7202094BB000E7579 /* RepositoriesRemoteDataManager.swift in Sources */ = {isa = PBXBuildFile; fileRef = 1107F2B4202094BB000E7579 /* RepositoriesRemoteDataManager.swift */; };
		1107F2B920209607000E7579 /* RepositoriesPresenter.swift in Sources */ = {isa = PBXBuildFile; fileRef = 1107F2B820209607000E7579 /* RepositoriesPresenter.swift */; };
		1107F2BA20209607000E7579 /* RepositoriesPresenter.swift in Sources */ = {isa = PBXBuildFile; fileRef = 1107F2B820209607000E7579 /* RepositoriesPresenter.swift */; };
		1107F2BB20209607000E7579 /* RepositoriesPresenter.swift in Sources */ = {isa = PBXBuildFile; fileRef = 1107F2B820209607000E7579 /* RepositoriesPresenter.swift */; };
		112AFDD42022913D00D9DA1E /* RepositoryTableViewCell.swift in Sources */ = {isa = PBXBuildFile; fileRef = 112AFDD32022913D00D9DA1E /* RepositoryTableViewCell.swift */; };
		112AFDD52022913D00D9DA1E /* RepositoryTableViewCell.swift in Sources */ = {isa = PBXBuildFile; fileRef = 112AFDD32022913D00D9DA1E /* RepositoryTableViewCell.swift */; };
		112AFDD62022913D00D9DA1E /* RepositoryTableViewCell.swift in Sources */ = {isa = PBXBuildFile; fileRef = 112AFDD32022913D00D9DA1E /* RepositoryTableViewCell.swift */; };
		112AFDD82022BE3900D9DA1E /* MessageTableViewCell.swift in Sources */ = {isa = PBXBuildFile; fileRef = 112AFDD72022BE3900D9DA1E /* MessageTableViewCell.swift */; };
		112AFDD92022BE3900D9DA1E /* MessageTableViewCell.swift in Sources */ = {isa = PBXBuildFile; fileRef = 112AFDD72022BE3900D9DA1E /* MessageTableViewCell.swift */; };
		112AFDDA2022BE3900D9DA1E /* MessageTableViewCell.swift in Sources */ = {isa = PBXBuildFile; fileRef = 112AFDD72022BE3900D9DA1E /* MessageTableViewCell.swift */; };
		112AFDDC2022D7CB00D9DA1E /* RepositoryDetailRouter.swift in Sources */ = {isa = PBXBuildFile; fileRef = 112AFDDB2022D7CB00D9DA1E /* RepositoryDetailRouter.swift */; };
		112AFDDD2022D7CB00D9DA1E /* RepositoryDetailRouter.swift in Sources */ = {isa = PBXBuildFile; fileRef = 112AFDDB2022D7CB00D9DA1E /* RepositoryDetailRouter.swift */; };
		112AFDDE2022D7CB00D9DA1E /* RepositoryDetailRouter.swift in Sources */ = {isa = PBXBuildFile; fileRef = 112AFDDB2022D7CB00D9DA1E /* RepositoryDetailRouter.swift */; };
		112AFDE02022D86E00D9DA1E /* RepositoryDetailProtocols.swift in Sources */ = {isa = PBXBuildFile; fileRef = 112AFDDF2022D86E00D9DA1E /* RepositoryDetailProtocols.swift */; };
		112AFDE12022D86E00D9DA1E /* RepositoryDetailProtocols.swift in Sources */ = {isa = PBXBuildFile; fileRef = 112AFDDF2022D86E00D9DA1E /* RepositoryDetailProtocols.swift */; };
		112AFDE22022D86E00D9DA1E /* RepositoryDetailProtocols.swift in Sources */ = {isa = PBXBuildFile; fileRef = 112AFDDF2022D86E00D9DA1E /* RepositoryDetailProtocols.swift */; };
		112AFDE42022DCFB00D9DA1E /* RepositoryDetailViewController.swift in Sources */ = {isa = PBXBuildFile; fileRef = 112AFDE32022DCFB00D9DA1E /* RepositoryDetailViewController.swift */; };
		112AFDE52022DCFB00D9DA1E /* RepositoryDetailViewController.swift in Sources */ = {isa = PBXBuildFile; fileRef = 112AFDE32022DCFB00D9DA1E /* RepositoryDetailViewController.swift */; };
		112AFDE62022DCFB00D9DA1E /* RepositoryDetailViewController.swift in Sources */ = {isa = PBXBuildFile; fileRef = 112AFDE32022DCFB00D9DA1E /* RepositoryDetailViewController.swift */; };
		112AFDE82022DF3E00D9DA1E /* RepositoryDetailPresenter.swift in Sources */ = {isa = PBXBuildFile; fileRef = 112AFDE72022DF3E00D9DA1E /* RepositoryDetailPresenter.swift */; };
		112AFDE92022DF3E00D9DA1E /* RepositoryDetailPresenter.swift in Sources */ = {isa = PBXBuildFile; fileRef = 112AFDE72022DF3E00D9DA1E /* RepositoryDetailPresenter.swift */; };
		112AFDEA2022DF3E00D9DA1E /* RepositoryDetailPresenter.swift in Sources */ = {isa = PBXBuildFile; fileRef = 112AFDE72022DF3E00D9DA1E /* RepositoryDetailPresenter.swift */; };
		112AFDEC2022E0C900D9DA1E /* RepositoryDetailInteractor.swift in Sources */ = {isa = PBXBuildFile; fileRef = 112AFDEB2022E0C900D9DA1E /* RepositoryDetailInteractor.swift */; };
		112AFDED2022E0C900D9DA1E /* RepositoryDetailInteractor.swift in Sources */ = {isa = PBXBuildFile; fileRef = 112AFDEB2022E0C900D9DA1E /* RepositoryDetailInteractor.swift */; };
		112AFDEE2022E0C900D9DA1E /* RepositoryDetailInteractor.swift in Sources */ = {isa = PBXBuildFile; fileRef = 112AFDEB2022E0C900D9DA1E /* RepositoryDetailInteractor.swift */; };
		112AFDF02022E4E800D9DA1E /* RepositoryDetailRemoteDataManager.swift in Sources */ = {isa = PBXBuildFile; fileRef = 112AFDEF2022E4E800D9DA1E /* RepositoryDetailRemoteDataManager.swift */; };
		112AFDF12022E4E800D9DA1E /* RepositoryDetailRemoteDataManager.swift in Sources */ = {isa = PBXBuildFile; fileRef = 112AFDEF2022E4E800D9DA1E /* RepositoryDetailRemoteDataManager.swift */; };
		112AFDF22022E4E800D9DA1E /* RepositoryDetailRemoteDataManager.swift in Sources */ = {isa = PBXBuildFile; fileRef = 112AFDEF2022E4E800D9DA1E /* RepositoryDetailRemoteDataManager.swift */; };
		112AFDF42022E4FC00D9DA1E /* RepositoryDetailLocalDataManager.swift in Sources */ = {isa = PBXBuildFile; fileRef = 112AFDF32022E4FC00D9DA1E /* RepositoryDetailLocalDataManager.swift */; };
		112AFDF52022E4FC00D9DA1E /* RepositoryDetailLocalDataManager.swift in Sources */ = {isa = PBXBuildFile; fileRef = 112AFDF32022E4FC00D9DA1E /* RepositoryDetailLocalDataManager.swift */; };
		112AFDF62022E4FC00D9DA1E /* RepositoryDetailLocalDataManager.swift in Sources */ = {isa = PBXBuildFile; fileRef = 112AFDF32022E4FC00D9DA1E /* RepositoryDetailLocalDataManager.swift */; };
		112AFDFF202319C100D9DA1E /* Repository+CoreDataClass.swift in Sources */ = {isa = PBXBuildFile; fileRef = 112AFDF7202319C100D9DA1E /* Repository+CoreDataClass.swift */; };
		112AFE00202319C100D9DA1E /* Repository+CoreDataClass.swift in Sources */ = {isa = PBXBuildFile; fileRef = 112AFDF7202319C100D9DA1E /* Repository+CoreDataClass.swift */; };
		112AFE01202319C100D9DA1E /* Repository+CoreDataClass.swift in Sources */ = {isa = PBXBuildFile; fileRef = 112AFDF7202319C100D9DA1E /* Repository+CoreDataClass.swift */; };
		112AFE02202319C100D9DA1E /* Repository+CoreDataProperties.swift in Sources */ = {isa = PBXBuildFile; fileRef = 112AFDF8202319C100D9DA1E /* Repository+CoreDataProperties.swift */; };
		112AFE03202319C100D9DA1E /* Repository+CoreDataProperties.swift in Sources */ = {isa = PBXBuildFile; fileRef = 112AFDF8202319C100D9DA1E /* Repository+CoreDataProperties.swift */; };
		112AFE04202319C100D9DA1E /* Repository+CoreDataProperties.swift in Sources */ = {isa = PBXBuildFile; fileRef = 112AFDF8202319C100D9DA1E /* Repository+CoreDataProperties.swift */; };
		112AFE05202319C100D9DA1E /* Owner+CoreDataClass.swift in Sources */ = {isa = PBXBuildFile; fileRef = 112AFDF9202319C100D9DA1E /* Owner+CoreDataClass.swift */; };
		112AFE06202319C100D9DA1E /* Owner+CoreDataClass.swift in Sources */ = {isa = PBXBuildFile; fileRef = 112AFDF9202319C100D9DA1E /* Owner+CoreDataClass.swift */; };
		112AFE07202319C100D9DA1E /* Owner+CoreDataClass.swift in Sources */ = {isa = PBXBuildFile; fileRef = 112AFDF9202319C100D9DA1E /* Owner+CoreDataClass.swift */; };
		112AFE08202319C100D9DA1E /* Owner+CoreDataProperties.swift in Sources */ = {isa = PBXBuildFile; fileRef = 112AFDFA202319C100D9DA1E /* Owner+CoreDataProperties.swift */; };
		112AFE09202319C100D9DA1E /* Owner+CoreDataProperties.swift in Sources */ = {isa = PBXBuildFile; fileRef = 112AFDFA202319C100D9DA1E /* Owner+CoreDataProperties.swift */; };
		112AFE0A202319C100D9DA1E /* Owner+CoreDataProperties.swift in Sources */ = {isa = PBXBuildFile; fileRef = 112AFDFA202319C100D9DA1E /* Owner+CoreDataProperties.swift */; };
		112AFE0B202319C100D9DA1E /* License+CoreDataClass.swift in Sources */ = {isa = PBXBuildFile; fileRef = 112AFDFB202319C100D9DA1E /* License+CoreDataClass.swift */; };
		112AFE0C202319C100D9DA1E /* License+CoreDataClass.swift in Sources */ = {isa = PBXBuildFile; fileRef = 112AFDFB202319C100D9DA1E /* License+CoreDataClass.swift */; };
		112AFE0D202319C100D9DA1E /* License+CoreDataClass.swift in Sources */ = {isa = PBXBuildFile; fileRef = 112AFDFB202319C100D9DA1E /* License+CoreDataClass.swift */; };
		112AFE0E202319C100D9DA1E /* License+CoreDataProperties.swift in Sources */ = {isa = PBXBuildFile; fileRef = 112AFDFC202319C100D9DA1E /* License+CoreDataProperties.swift */; };
		112AFE0F202319C100D9DA1E /* License+CoreDataProperties.swift in Sources */ = {isa = PBXBuildFile; fileRef = 112AFDFC202319C100D9DA1E /* License+CoreDataProperties.swift */; };
		112AFE10202319C100D9DA1E /* License+CoreDataProperties.swift in Sources */ = {isa = PBXBuildFile; fileRef = 112AFDFC202319C100D9DA1E /* License+CoreDataProperties.swift */; };
		112AFE11202319C100D9DA1E /* RepositoryQuery+CoreDataClass.swift in Sources */ = {isa = PBXBuildFile; fileRef = 112AFDFD202319C100D9DA1E /* RepositoryQuery+CoreDataClass.swift */; };
		112AFE12202319C100D9DA1E /* RepositoryQuery+CoreDataClass.swift in Sources */ = {isa = PBXBuildFile; fileRef = 112AFDFD202319C100D9DA1E /* RepositoryQuery+CoreDataClass.swift */; };
		112AFE13202319C100D9DA1E /* RepositoryQuery+CoreDataClass.swift in Sources */ = {isa = PBXBuildFile; fileRef = 112AFDFD202319C100D9DA1E /* RepositoryQuery+CoreDataClass.swift */; };
		112AFE14202319C100D9DA1E /* RepositoryQuery+CoreDataProperties.swift in Sources */ = {isa = PBXBuildFile; fileRef = 112AFDFE202319C100D9DA1E /* RepositoryQuery+CoreDataProperties.swift */; };
		112AFE15202319C100D9DA1E /* RepositoryQuery+CoreDataProperties.swift in Sources */ = {isa = PBXBuildFile; fileRef = 112AFDFE202319C100D9DA1E /* RepositoryQuery+CoreDataProperties.swift */; };
		112AFE16202319C100D9DA1E /* RepositoryQuery+CoreDataProperties.swift in Sources */ = {isa = PBXBuildFile; fileRef = 112AFDFE202319C100D9DA1E /* RepositoryQuery+CoreDataProperties.swift */; };
		112AFE182023267900D9DA1E /* RepositoryDetailTableViewCell.swift in Sources */ = {isa = PBXBuildFile; fileRef = 112AFE172023267900D9DA1E /* RepositoryDetailTableViewCell.swift */; };
		112AFE192023267900D9DA1E /* RepositoryDetailTableViewCell.swift in Sources */ = {isa = PBXBuildFile; fileRef = 112AFE172023267900D9DA1E /* RepositoryDetailTableViewCell.swift */; };
		112AFE1A2023267900D9DA1E /* RepositoryDetailTableViewCell.swift in Sources */ = {isa = PBXBuildFile; fileRef = 112AFE172023267900D9DA1E /* RepositoryDetailTableViewCell.swift */; };
		112AFE1C2023268600D9DA1E /* OwnerTableViewCell.swift in Sources */ = {isa = PBXBuildFile; fileRef = 112AFE1B2023268600D9DA1E /* OwnerTableViewCell.swift */; };
		112AFE1D2023268600D9DA1E /* OwnerTableViewCell.swift in Sources */ = {isa = PBXBuildFile; fileRef = 112AFE1B2023268600D9DA1E /* OwnerTableViewCell.swift */; };
		112AFE1E2023268600D9DA1E /* OwnerTableViewCell.swift in Sources */ = {isa = PBXBuildFile; fileRef = 112AFE1B2023268600D9DA1E /* OwnerTableViewCell.swift */; };
		112AFE2E20233B8700D9DA1E /* MyRepositoriesRemoteDataManager.swift in Sources */ = {isa = PBXBuildFile; fileRef = 112AFE2D20233B8700D9DA1E /* MyRepositoriesRemoteDataManager.swift */; };
		112AFE2F20233B8700D9DA1E /* MyRepositoriesRemoteDataManager.swift in Sources */ = {isa = PBXBuildFile; fileRef = 112AFE2D20233B8700D9DA1E /* MyRepositoriesRemoteDataManager.swift */; };
		112AFE3020233B8700D9DA1E /* MyRepositoriesRemoteDataManager.swift in Sources */ = {isa = PBXBuildFile; fileRef = 112AFE2D20233B8700D9DA1E /* MyRepositoriesRemoteDataManager.swift */; };
		112AFE3220233B9C00D9DA1E /* MyRepositoriesLocalDataManager.swift in Sources */ = {isa = PBXBuildFile; fileRef = 112AFE3120233B9C00D9DA1E /* MyRepositoriesLocalDataManager.swift */; };
		112AFE3320233B9C00D9DA1E /* MyRepositoriesLocalDataManager.swift in Sources */ = {isa = PBXBuildFile; fileRef = 112AFE3120233B9C00D9DA1E /* MyRepositoriesLocalDataManager.swift */; };
		112AFE3420233B9C00D9DA1E /* MyRepositoriesLocalDataManager.swift in Sources */ = {isa = PBXBuildFile; fileRef = 112AFE3120233B9C00D9DA1E /* MyRepositoriesLocalDataManager.swift */; };
		112AFE3620233CEE00D9DA1E /* Constants.swift in Sources */ = {isa = PBXBuildFile; fileRef = 112AFE3520233CEE00D9DA1E /* Constants.swift */; };
		112AFE3720233CEE00D9DA1E /* Constants.swift in Sources */ = {isa = PBXBuildFile; fileRef = 112AFE3520233CEE00D9DA1E /* Constants.swift */; };
		112AFE3820233CEE00D9DA1E /* Constants.swift in Sources */ = {isa = PBXBuildFile; fileRef = 112AFE3520233CEE00D9DA1E /* Constants.swift */; };
		1140740D2020A64900EC0646 /* RepositoriesLocalDataManager.swift in Sources */ = {isa = PBXBuildFile; fileRef = 1140740C2020A64900EC0646 /* RepositoriesLocalDataManager.swift */; };
		1140740E2020A64900EC0646 /* RepositoriesLocalDataManager.swift in Sources */ = {isa = PBXBuildFile; fileRef = 1140740C2020A64900EC0646 /* RepositoriesLocalDataManager.swift */; };
		1140740F2020A64900EC0646 /* RepositoriesLocalDataManager.swift in Sources */ = {isa = PBXBuildFile; fileRef = 1140740C2020A64900EC0646 /* RepositoriesLocalDataManager.swift */; };
		11506F3A201F7664006300F9 /* AppDelegate.swift in Sources */ = {isa = PBXBuildFile; fileRef = 11506F39201F7664006300F9 /* AppDelegate.swift */; };
		11506F3F201F7664006300F9 /* Main.storyboard in Resources */ = {isa = PBXBuildFile; fileRef = 11506F3D201F7664006300F9 /* Main.storyboard */; };
		11506F42201F7664006300F9 /* Gnoll.xcdatamodeld in Sources */ = {isa = PBXBuildFile; fileRef = 11506F40201F7664006300F9 /* Gnoll.xcdatamodeld */; };
		11506F44201F7664006300F9 /* Assets.xcassets in Resources */ = {isa = PBXBuildFile; fileRef = 11506F43201F7664006300F9 /* Assets.xcassets */; };
		11506F47201F7664006300F9 /* LaunchScreen.storyboard in Resources */ = {isa = PBXBuildFile; fileRef = 11506F45201F7664006300F9 /* LaunchScreen.storyboard */; };
		11506F52201F7664006300F9 /* GnollTests.swift in Sources */ = {isa = PBXBuildFile; fileRef = 11506F51201F7664006300F9 /* GnollTests.swift */; };
		11506F5D201F7664006300F9 /* GnollUITests.swift in Sources */ = {isa = PBXBuildFile; fileRef = 11506F5C201F7664006300F9 /* GnollUITests.swift */; };
		118FD6312020695200E17DEA /* MainViewController.swift in Sources */ = {isa = PBXBuildFile; fileRef = 118FD6302020695200E17DEA /* MainViewController.swift */; };
		118FD6322020695200E17DEA /* MainViewController.swift in Sources */ = {isa = PBXBuildFile; fileRef = 118FD6302020695200E17DEA /* MainViewController.swift */; };
		118FD6332020695200E17DEA /* MainViewController.swift in Sources */ = {isa = PBXBuildFile; fileRef = 118FD6302020695200E17DEA /* MainViewController.swift */; };
		118FD63520206A7E00E17DEA /* RepositoriesViewController.swift in Sources */ = {isa = PBXBuildFile; fileRef = 118FD63420206A7E00E17DEA /* RepositoriesViewController.swift */; };
		118FD63620206A7E00E17DEA /* RepositoriesViewController.swift in Sources */ = {isa = PBXBuildFile; fileRef = 118FD63420206A7E00E17DEA /* RepositoriesViewController.swift */; };
		118FD63720206A7E00E17DEA /* RepositoriesViewController.swift in Sources */ = {isa = PBXBuildFile; fileRef = 118FD63420206A7E00E17DEA /* RepositoriesViewController.swift */; };
		118FD63920206D4A00E17DEA /* RepositoriesRouter.swift in Sources */ = {isa = PBXBuildFile; fileRef = 118FD63820206D4A00E17DEA /* RepositoriesRouter.swift */; };
		118FD63A20206D4A00E17DEA /* RepositoriesRouter.swift in Sources */ = {isa = PBXBuildFile; fileRef = 118FD63820206D4A00E17DEA /* RepositoriesRouter.swift */; };
		118FD63B20206D4A00E17DEA /* RepositoriesRouter.swift in Sources */ = {isa = PBXBuildFile; fileRef = 118FD63820206D4A00E17DEA /* RepositoriesRouter.swift */; };
		118FD63D20206EA900E17DEA /* RepositoriesProtocols.swift in Sources */ = {isa = PBXBuildFile; fileRef = 118FD63C20206EA900E17DEA /* RepositoriesProtocols.swift */; };
		118FD63E20206EA900E17DEA /* RepositoriesProtocols.swift in Sources */ = {isa = PBXBuildFile; fileRef = 118FD63C20206EA900E17DEA /* RepositoriesProtocols.swift */; };
		118FD63F20206EA900E17DEA /* RepositoriesProtocols.swift in Sources */ = {isa = PBXBuildFile; fileRef = 118FD63C20206EA900E17DEA /* RepositoriesProtocols.swift */; };
		118FD6432020811A00E17DEA /* Gnoll.xcdatamodeld in Sources */ = {isa = PBXBuildFile; fileRef = 11506F40201F7664006300F9 /* Gnoll.xcdatamodeld */; };
		118FD6442020811B00E17DEA /* Gnoll.xcdatamodeld in Sources */ = {isa = PBXBuildFile; fileRef = 11506F40201F7664006300F9 /* Gnoll.xcdatamodeld */; };
		269384F67217D695798A9EFA /* Pods_GnollUITests.framework in Frameworks */ = {isa = PBXBuildFile; fileRef = BF0A16AA9997D18E5D7E88F6 /* Pods_GnollUITests.framework */; };
		583917D4F5A42E7040316762 /* Pods_Gnoll.framework in Frameworks */ = {isa = PBXBuildFile; fileRef = 706531F5425B5E5FF6B53DC6 /* Pods_Gnoll.framework */; };
		74AFEE1CC016FF37E0F7760B /* Pods_GnollTests.framework in Frameworks */ = {isa = PBXBuildFile; fileRef = D9F0073FB804EBD55502A792 /* Pods_GnollTests.framework */; };
/* End PBXBuildFile section */

/* Begin PBXContainerItemProxy section */
		11506F4E201F7664006300F9 /* PBXContainerItemProxy */ = {
			isa = PBXContainerItemProxy;
			containerPortal = 11506F2E201F7664006300F9 /* Project object */;
			proxyType = 1;
			remoteGlobalIDString = 11506F35201F7664006300F9;
			remoteInfo = Gnoll;
		};
		11506F59201F7664006300F9 /* PBXContainerItemProxy */ = {
			isa = PBXContainerItemProxy;
			containerPortal = 11506F2E201F7664006300F9 /* Project object */;
			proxyType = 1;
			remoteGlobalIDString = 11506F35201F7664006300F9;
			remoteInfo = Gnoll;
		};
/* End PBXContainerItemProxy section */

/* Begin PBXFileReference section */
		09872B9BAE513440C09E15DD /* Pods-Gnoll.debug.xcconfig */ = {isa = PBXFileReference; includeInIndex = 1; lastKnownFileType = text.xcconfig; name = "Pods-Gnoll.debug.xcconfig"; path = "Pods/Target Support Files/Pods-Gnoll/Pods-Gnoll.debug.xcconfig"; sourceTree = "<group>"; };
		1107F2A2202088F9000E7579 /* LicenseEntity.swift */ = {isa = PBXFileReference; lastKnownFileType = sourcecode.swift; path = LicenseEntity.swift; sourceTree = "<group>"; };
		1107F2A620208917000E7579 /* RepositoryEntity.swift */ = {isa = PBXFileReference; lastKnownFileType = sourcecode.swift; path = RepositoryEntity.swift; sourceTree = "<group>"; };
		1107F2AA20208926000E7579 /* OwnerEntity.swift */ = {isa = PBXFileReference; lastKnownFileType = sourcecode.swift; path = OwnerEntity.swift; sourceTree = "<group>"; };
		1107F2B02020941F000E7579 /* RepositoriesInteractor.swift */ = {isa = PBXFileReference; lastKnownFileType = sourcecode.swift; path = RepositoriesInteractor.swift; sourceTree = "<group>"; };
		1107F2B4202094BB000E7579 /* RepositoriesRemoteDataManager.swift */ = {isa = PBXFileReference; lastKnownFileType = sourcecode.swift; path = RepositoriesRemoteDataManager.swift; sourceTree = "<group>"; };
		1107F2B820209607000E7579 /* RepositoriesPresenter.swift */ = {isa = PBXFileReference; lastKnownFileType = sourcecode.swift; path = RepositoriesPresenter.swift; sourceTree = "<group>"; };
		112AFDD220214A1200D9DA1E /* Gnoll 2.xcdatamodel */ = {isa = PBXFileReference; lastKnownFileType = wrapper.xcdatamodel; path = "Gnoll 2.xcdatamodel"; sourceTree = "<group>"; };
		112AFDD32022913D00D9DA1E /* RepositoryTableViewCell.swift */ = {isa = PBXFileReference; lastKnownFileType = sourcecode.swift; path = RepositoryTableViewCell.swift; sourceTree = "<group>"; };
		112AFDD72022BE3900D9DA1E /* MessageTableViewCell.swift */ = {isa = PBXFileReference; lastKnownFileType = sourcecode.swift; path = MessageTableViewCell.swift; sourceTree = "<group>"; };
		112AFDDB2022D7CB00D9DA1E /* RepositoryDetailRouter.swift */ = {isa = PBXFileReference; lastKnownFileType = sourcecode.swift; path = RepositoryDetailRouter.swift; sourceTree = "<group>"; };
		112AFDDF2022D86E00D9DA1E /* RepositoryDetailProtocols.swift */ = {isa = PBXFileReference; lastKnownFileType = sourcecode.swift; path = RepositoryDetailProtocols.swift; sourceTree = "<group>"; };
		112AFDE32022DCFB00D9DA1E /* RepositoryDetailViewController.swift */ = {isa = PBXFileReference; lastKnownFileType = sourcecode.swift; path = RepositoryDetailViewController.swift; sourceTree = "<group>"; };
		112AFDE72022DF3E00D9DA1E /* RepositoryDetailPresenter.swift */ = {isa = PBXFileReference; lastKnownFileType = sourcecode.swift; path = RepositoryDetailPresenter.swift; sourceTree = "<group>"; };
		112AFDEB2022E0C900D9DA1E /* RepositoryDetailInteractor.swift */ = {isa = PBXFileReference; lastKnownFileType = sourcecode.swift; path = RepositoryDetailInteractor.swift; sourceTree = "<group>"; };
		112AFDEF2022E4E800D9DA1E /* RepositoryDetailRemoteDataManager.swift */ = {isa = PBXFileReference; lastKnownFileType = sourcecode.swift; path = RepositoryDetailRemoteDataManager.swift; sourceTree = "<group>"; };
		112AFDF32022E4FC00D9DA1E /* RepositoryDetailLocalDataManager.swift */ = {isa = PBXFileReference; lastKnownFileType = sourcecode.swift; path = RepositoryDetailLocalDataManager.swift; sourceTree = "<group>"; };
		112AFDF7202319C100D9DA1E /* Repository+CoreDataClass.swift */ = {isa = PBXFileReference; lastKnownFileType = sourcecode.swift; path = "Repository+CoreDataClass.swift"; sourceTree = "<group>"; };
		112AFDF8202319C100D9DA1E /* Repository+CoreDataProperties.swift */ = {isa = PBXFileReference; lastKnownFileType = sourcecode.swift; path = "Repository+CoreDataProperties.swift"; sourceTree = "<group>"; };
		112AFDF9202319C100D9DA1E /* Owner+CoreDataClass.swift */ = {isa = PBXFileReference; lastKnownFileType = sourcecode.swift; path = "Owner+CoreDataClass.swift"; sourceTree = "<group>"; };
		112AFDFA202319C100D9DA1E /* Owner+CoreDataProperties.swift */ = {isa = PBXFileReference; lastKnownFileType = sourcecode.swift; path = "Owner+CoreDataProperties.swift"; sourceTree = "<group>"; };
		112AFDFB202319C100D9DA1E /* License+CoreDataClass.swift */ = {isa = PBXFileReference; lastKnownFileType = sourcecode.swift; path = "License+CoreDataClass.swift"; sourceTree = "<group>"; };
		112AFDFC202319C100D9DA1E /* License+CoreDataProperties.swift */ = {isa = PBXFileReference; lastKnownFileType = sourcecode.swift; path = "License+CoreDataProperties.swift"; sourceTree = "<group>"; };
		112AFDFD202319C100D9DA1E /* RepositoryQuery+CoreDataClass.swift */ = {isa = PBXFileReference; lastKnownFileType = sourcecode.swift; path = "RepositoryQuery+CoreDataClass.swift"; sourceTree = "<group>"; };
		112AFDFE202319C100D9DA1E /* RepositoryQuery+CoreDataProperties.swift */ = {isa = PBXFileReference; lastKnownFileType = sourcecode.swift; path = "RepositoryQuery+CoreDataProperties.swift"; sourceTree = "<group>"; };
		112AFE172023267900D9DA1E /* RepositoryDetailTableViewCell.swift */ = {isa = PBXFileReference; lastKnownFileType = sourcecode.swift; path = RepositoryDetailTableViewCell.swift; sourceTree = "<group>"; };
		112AFE1B2023268600D9DA1E /* OwnerTableViewCell.swift */ = {isa = PBXFileReference; lastKnownFileType = sourcecode.swift; path = OwnerTableViewCell.swift; sourceTree = "<group>"; };
		112AFE2D20233B8700D9DA1E /* MyRepositoriesRemoteDataManager.swift */ = {isa = PBXFileReference; lastKnownFileType = sourcecode.swift; path = MyRepositoriesRemoteDataManager.swift; sourceTree = "<group>"; };
		112AFE3120233B9C00D9DA1E /* MyRepositoriesLocalDataManager.swift */ = {isa = PBXFileReference; lastKnownFileType = sourcecode.swift; path = MyRepositoriesLocalDataManager.swift; sourceTree = "<group>"; };
		112AFE3520233CEE00D9DA1E /* Constants.swift */ = {isa = PBXFileReference; lastKnownFileType = sourcecode.swift; path = Constants.swift; sourceTree = "<group>"; };
		1140740C2020A64900EC0646 /* RepositoriesLocalDataManager.swift */ = {isa = PBXFileReference; lastKnownFileType = sourcecode.swift; path = RepositoriesLocalDataManager.swift; sourceTree = "<group>"; };
		11506F36201F7664006300F9 /* Gnoll.app */ = {isa = PBXFileReference; explicitFileType = wrapper.application; includeInIndex = 0; path = Gnoll.app; sourceTree = BUILT_PRODUCTS_DIR; };
		11506F39201F7664006300F9 /* AppDelegate.swift */ = {isa = PBXFileReference; lastKnownFileType = sourcecode.swift; path = AppDelegate.swift; sourceTree = "<group>"; };
		11506F3E201F7664006300F9 /* Base */ = {isa = PBXFileReference; lastKnownFileType = file.storyboard; name = Base; path = Base.lproj/Main.storyboard; sourceTree = "<group>"; };
		11506F41201F7664006300F9 /* Gnoll.xcdatamodel */ = {isa = PBXFileReference; lastKnownFileType = wrapper.xcdatamodel; path = Gnoll.xcdatamodel; sourceTree = "<group>"; };
		11506F43201F7664006300F9 /* Assets.xcassets */ = {isa = PBXFileReference; lastKnownFileType = folder.assetcatalog; path = Assets.xcassets; sourceTree = "<group>"; };
		11506F46201F7664006300F9 /* Base */ = {isa = PBXFileReference; lastKnownFileType = file.storyboard; name = Base; path = Base.lproj/LaunchScreen.storyboard; sourceTree = "<group>"; };
		11506F48201F7664006300F9 /* Info.plist */ = {isa = PBXFileReference; lastKnownFileType = text.plist.xml; path = Info.plist; sourceTree = "<group>"; };
		11506F4D201F7664006300F9 /* GnollTests.xctest */ = {isa = PBXFileReference; explicitFileType = wrapper.cfbundle; includeInIndex = 0; path = GnollTests.xctest; sourceTree = BUILT_PRODUCTS_DIR; };
		11506F51201F7664006300F9 /* GnollTests.swift */ = {isa = PBXFileReference; lastKnownFileType = sourcecode.swift; path = GnollTests.swift; sourceTree = "<group>"; };
		11506F53201F7664006300F9 /* Info.plist */ = {isa = PBXFileReference; lastKnownFileType = text.plist.xml; path = Info.plist; sourceTree = "<group>"; };
		11506F58201F7664006300F9 /* GnollUITests.xctest */ = {isa = PBXFileReference; explicitFileType = wrapper.cfbundle; includeInIndex = 0; path = GnollUITests.xctest; sourceTree = BUILT_PRODUCTS_DIR; };
		11506F5C201F7664006300F9 /* GnollUITests.swift */ = {isa = PBXFileReference; lastKnownFileType = sourcecode.swift; path = GnollUITests.swift; sourceTree = "<group>"; };
		11506F5E201F7664006300F9 /* Info.plist */ = {isa = PBXFileReference; lastKnownFileType = text.plist.xml; path = Info.plist; sourceTree = "<group>"; };
		118FD6302020695200E17DEA /* MainViewController.swift */ = {isa = PBXFileReference; lastKnownFileType = sourcecode.swift; path = MainViewController.swift; sourceTree = "<group>"; };
		118FD63420206A7E00E17DEA /* RepositoriesViewController.swift */ = {isa = PBXFileReference; lastKnownFileType = sourcecode.swift; path = RepositoriesViewController.swift; sourceTree = "<group>"; };
		118FD63820206D4A00E17DEA /* RepositoriesRouter.swift */ = {isa = PBXFileReference; lastKnownFileType = sourcecode.swift; path = RepositoriesRouter.swift; sourceTree = "<group>"; };
		118FD63C20206EA900E17DEA /* RepositoriesProtocols.swift */ = {isa = PBXFileReference; lastKnownFileType = sourcecode.swift; path = RepositoriesProtocols.swift; sourceTree = "<group>"; };
		3F0111F4E1A42A305C728A3F /* Pods-GnollUITests.debug.xcconfig */ = {isa = PBXFileReference; includeInIndex = 1; lastKnownFileType = text.xcconfig; name = "Pods-GnollUITests.debug.xcconfig"; path = "Pods/Target Support Files/Pods-GnollUITests/Pods-GnollUITests.debug.xcconfig"; sourceTree = "<group>"; };
		706531F5425B5E5FF6B53DC6 /* Pods_Gnoll.framework */ = {isa = PBXFileReference; explicitFileType = wrapper.framework; includeInIndex = 0; path = Pods_Gnoll.framework; sourceTree = BUILT_PRODUCTS_DIR; };
		9BE983A0386269E8EB9EE031 /* Pods-GnollTests.release.xcconfig */ = {isa = PBXFileReference; includeInIndex = 1; lastKnownFileType = text.xcconfig; name = "Pods-GnollTests.release.xcconfig"; path = "Pods/Target Support Files/Pods-GnollTests/Pods-GnollTests.release.xcconfig"; sourceTree = "<group>"; };
		A8D8997C40EF33E66599BA80 /* Pods-GnollUITests.release.xcconfig */ = {isa = PBXFileReference; includeInIndex = 1; lastKnownFileType = text.xcconfig; name = "Pods-GnollUITests.release.xcconfig"; path = "Pods/Target Support Files/Pods-GnollUITests/Pods-GnollUITests.release.xcconfig"; sourceTree = "<group>"; };
		BF0A16AA9997D18E5D7E88F6 /* Pods_GnollUITests.framework */ = {isa = PBXFileReference; explicitFileType = wrapper.framework; includeInIndex = 0; path = Pods_GnollUITests.framework; sourceTree = BUILT_PRODUCTS_DIR; };
		C36D468A3E3059AF18986824 /* Pods-Gnoll.release.xcconfig */ = {isa = PBXFileReference; includeInIndex = 1; lastKnownFileType = text.xcconfig; name = "Pods-Gnoll.release.xcconfig"; path = "Pods/Target Support Files/Pods-Gnoll/Pods-Gnoll.release.xcconfig"; sourceTree = "<group>"; };
		D9F0073FB804EBD55502A792 /* Pods_GnollTests.framework */ = {isa = PBXFileReference; explicitFileType = wrapper.framework; includeInIndex = 0; path = Pods_GnollTests.framework; sourceTree = BUILT_PRODUCTS_DIR; };
		E231B917ADD456A7B0982152 /* Pods-GnollTests.debug.xcconfig */ = {isa = PBXFileReference; includeInIndex = 1; lastKnownFileType = text.xcconfig; name = "Pods-GnollTests.debug.xcconfig"; path = "Pods/Target Support Files/Pods-GnollTests/Pods-GnollTests.debug.xcconfig"; sourceTree = "<group>"; };
/* End PBXFileReference section */

/* Begin PBXFrameworksBuildPhase section */
		11506F33201F7664006300F9 /* Frameworks */ = {
			isa = PBXFrameworksBuildPhase;
			buildActionMask = 2147483647;
			files = (
				583917D4F5A42E7040316762 /* Pods_Gnoll.framework in Frameworks */,
			);
			runOnlyForDeploymentPostprocessing = 0;
		};
		11506F4A201F7664006300F9 /* Frameworks */ = {
			isa = PBXFrameworksBuildPhase;
			buildActionMask = 2147483647;
			files = (
				74AFEE1CC016FF37E0F7760B /* Pods_GnollTests.framework in Frameworks */,
			);
			runOnlyForDeploymentPostprocessing = 0;
		};
		11506F55201F7664006300F9 /* Frameworks */ = {
			isa = PBXFrameworksBuildPhase;
			buildActionMask = 2147483647;
			files = (
				269384F67217D695798A9EFA /* Pods_GnollUITests.framework in Frameworks */,
			);
			runOnlyForDeploymentPostprocessing = 0;
		};
/* End PBXFrameworksBuildPhase section */

/* Begin PBXGroup section */
		1107F2A120208385000E7579 /* Entities */ = {
			isa = PBXGroup;
			children = (
				1107F2A2202088F9000E7579 /* LicenseEntity.swift */,
				1107F2A620208917000E7579 /* RepositoryEntity.swift */,
				1107F2AA20208926000E7579 /* OwnerEntity.swift */,
			);
			path = Entities;
			sourceTree = "<group>";
		};
		1107F2AE202093AC000E7579 /* Helpers */ = {
			isa = PBXGroup;
			children = (
				1107F2B4202094BB000E7579 /* RepositoriesRemoteDataManager.swift */,
				1140740C2020A64900EC0646 /* RepositoriesLocalDataManager.swift */,
			);
			path = Helpers;
			sourceTree = "<group>";
		};
		1107F2AF202093D0000E7579 /* Helpers */ = {
			isa = PBXGroup;
			children = (
				112AFDEF2022E4E800D9DA1E /* RepositoryDetailRemoteDataManager.swift */,
				112AFDF32022E4FC00D9DA1E /* RepositoryDetailLocalDataManager.swift */,
			);
			path = Helpers;
			sourceTree = "<group>";
		};
		112AFE1F202337A300D9DA1E /* MyRepositories */ = {
			isa = PBXGroup;
			children = (
				112AFE24202337E800D9DA1E /* View */,
				112AFE23202337DD00D9DA1E /* Interactor */,
				112AFE22202337D600D9DA1E /* Presenter */,
				112AFE21202337CE00D9DA1E /* Router */,
				112AFE20202337B700D9DA1E /* Helpers */,
			);
			path = MyRepositories;
			sourceTree = "<group>";
		};
		112AFE20202337B700D9DA1E /* Helpers */ = {
			isa = PBXGroup;
			children = (
				112AFE2D20233B8700D9DA1E /* MyRepositoriesRemoteDataManager.swift */,
				112AFE3120233B9C00D9DA1E /* MyRepositoriesLocalDataManager.swift */,
			);
			path = Helpers;
			sourceTree = "<group>";
		};
		112AFE21202337CE00D9DA1E /* Router */ = {
			isa = PBXGroup;
			children = (
			);
			path = Router;
			sourceTree = "<group>";
		};
		112AFE22202337D600D9DA1E /* Presenter */ = {
			isa = PBXGroup;
			children = (
			);
			path = Presenter;
			sourceTree = "<group>";
		};
		112AFE23202337DD00D9DA1E /* Interactor */ = {
			isa = PBXGroup;
			children = (
			);
			path = Interactor;
			sourceTree = "<group>";
		};
		112AFE24202337E800D9DA1E /* View */ = {
			isa = PBXGroup;
			children = (
			);
			path = View;
			sourceTree = "<group>";
		};
		11506F2D201F7664006300F9 = {
			isa = PBXGroup;
			children = (
				11506F38201F7664006300F9 /* Gnoll */,
				11506F50201F7664006300F9 /* GnollTests */,
				11506F5B201F7664006300F9 /* GnollUITests */,
				11506F37201F7664006300F9 /* Products */,
				C37E47867AAC3FEA8EF489D3 /* Pods */,
				F987D550C9AC9D623F7635A1 /* Frameworks */,
			);
			sourceTree = "<group>";
		};
		11506F37201F7664006300F9 /* Products */ = {
			isa = PBXGroup;
			children = (
				11506F36201F7664006300F9 /* Gnoll.app */,
				11506F4D201F7664006300F9 /* GnollTests.xctest */,
				11506F58201F7664006300F9 /* GnollUITests.xctest */,
			);
			name = Products;
			sourceTree = "<group>";
		};
		11506F38201F7664006300F9 /* Gnoll */ = {
			isa = PBXGroup;
			children = (
				116286C420200015007E12F4 /* Common */,
				116286C320200006007E12F4 /* Modules */,
				11506F39201F7664006300F9 /* AppDelegate.swift */,
				11506F3D201F7664006300F9 /* Main.storyboard */,
				11506F43201F7664006300F9 /* Assets.xcassets */,
				11506F45201F7664006300F9 /* LaunchScreen.storyboard */,
				11506F48201F7664006300F9 /* Info.plist */,
			);
			path = Gnoll;
			sourceTree = "<group>";
		};
		11506F50201F7664006300F9 /* GnollTests */ = {
			isa = PBXGroup;
			children = (
				11506F51201F7664006300F9 /* GnollTests.swift */,
				11506F53201F7664006300F9 /* Info.plist */,
			);
			path = GnollTests;
			sourceTree = "<group>";
		};
		11506F5B201F7664006300F9 /* GnollUITests */ = {
			isa = PBXGroup;
			children = (
				11506F5C201F7664006300F9 /* GnollUITests.swift */,
				11506F5E201F7664006300F9 /* Info.plist */,
			);
			path = GnollUITests;
			sourceTree = "<group>";
		};
		116286C320200006007E12F4 /* Modules */ = {
			isa = PBXGroup;
			children = (
				112AFE1F202337A300D9DA1E /* MyRepositories */,
				116286C7202000A3007E12F4 /* Repositories */,
				116286C8202000AC007E12F4 /* Repository Detail */,
			);
			path = Modules;
			sourceTree = "<group>";
		};
		116286C420200015007E12F4 /* Common */ = {
			isa = PBXGroup;
			children = (
				1107F2A120208385000E7579 /* Entities */,
				116286C620200042007E12F4 /* Data Store */,
				118FD6302020695200E17DEA /* MainViewController.swift */,
				112AFE3520233CEE00D9DA1E /* Constants.swift */,
			);
			path = Common;
			sourceTree = "<group>";
		};
		116286C620200042007E12F4 /* Data Store */ = {
			isa = PBXGroup;
			children = (
				118FD6402020700300E17DEA /* Model */,
			);
			path = "Data Store";
			sourceTree = "<group>";
		};
		116286C7202000A3007E12F4 /* Repositories */ = {
			isa = PBXGroup;
			children = (
				118FD63C20206EA900E17DEA /* RepositoriesProtocols.swift */,
				116286CB20200764007E12F4 /* View */,
				116286CC2020076B007E12F4 /* Interactor */,
				116286CD20200781007E12F4 /* Presenter */,
				116286CF202007AF007E12F4 /* Router */,
				1107F2AE202093AC000E7579 /* Helpers */,
			);
			path = Repositories;
			sourceTree = "<group>";
		};
		116286C8202000AC007E12F4 /* Repository Detail */ = {
			isa = PBXGroup;
			children = (
				112AFDDF2022D86E00D9DA1E /* RepositoryDetailProtocols.swift */,
				116286D420200805007E12F4 /* View */,
				116286D320200801007E12F4 /* Interactor */,
				116286D2202007FD007E12F4 /* Presenter */,
				116286D0202007F4007E12F4 /* Router */,
				1107F2AF202093D0000E7579 /* Helpers */,
			);
			path = "Repository Detail";
			sourceTree = "<group>";
		};
		116286CB20200764007E12F4 /* View */ = {
			isa = PBXGroup;
			children = (
				118FD63420206A7E00E17DEA /* RepositoriesViewController.swift */,
				112AFDD32022913D00D9DA1E /* RepositoryTableViewCell.swift */,
				112AFDD72022BE3900D9DA1E /* MessageTableViewCell.swift */,
			);
			path = View;
			sourceTree = "<group>";
		};
		116286CC2020076B007E12F4 /* Interactor */ = {
			isa = PBXGroup;
			children = (
				1107F2B02020941F000E7579 /* RepositoriesInteractor.swift */,
			);
			path = Interactor;
			sourceTree = "<group>";
		};
		116286CD20200781007E12F4 /* Presenter */ = {
			isa = PBXGroup;
			children = (
				1107F2B820209607000E7579 /* RepositoriesPresenter.swift */,
			);
			path = Presenter;
			sourceTree = "<group>";
		};
		116286CF202007AF007E12F4 /* Router */ = {
			isa = PBXGroup;
			children = (
				118FD63820206D4A00E17DEA /* RepositoriesRouter.swift */,
			);
			path = Router;
			sourceTree = "<group>";
		};
		116286D0202007F4007E12F4 /* Router */ = {
			isa = PBXGroup;
			children = (
				112AFDDB2022D7CB00D9DA1E /* RepositoryDetailRouter.swift */,
			);
			path = Router;
			sourceTree = "<group>";
		};
		116286D2202007FD007E12F4 /* Presenter */ = {
			isa = PBXGroup;
			children = (
				112AFDE72022DF3E00D9DA1E /* RepositoryDetailPresenter.swift */,
			);
			path = Presenter;
			sourceTree = "<group>";
		};
		116286D320200801007E12F4 /* Interactor */ = {
			isa = PBXGroup;
			children = (
				112AFDEB2022E0C900D9DA1E /* RepositoryDetailInteractor.swift */,
			);
			path = Interactor;
			sourceTree = "<group>";
		};
		116286D420200805007E12F4 /* View */ = {
			isa = PBXGroup;
			children = (
				112AFDE32022DCFB00D9DA1E /* RepositoryDetailViewController.swift */,
				112AFE172023267900D9DA1E /* RepositoryDetailTableViewCell.swift */,
				112AFE1B2023268600D9DA1E /* OwnerTableViewCell.swift */,
			);
			path = View;
			sourceTree = "<group>";
		};
		118FD6402020700300E17DEA /* Model */ = {
			isa = PBXGroup;
			children = (
				11506F40201F7664006300F9 /* Gnoll.xcdatamodeld */,
				112AFDFB202319C100D9DA1E /* License+CoreDataClass.swift */,
				112AFDFC202319C100D9DA1E /* License+CoreDataProperties.swift */,
				112AFDF9202319C100D9DA1E /* Owner+CoreDataClass.swift */,
				112AFDFA202319C100D9DA1E /* Owner+CoreDataProperties.swift */,
				112AFDF7202319C100D9DA1E /* Repository+CoreDataClass.swift */,
				112AFDF8202319C100D9DA1E /* Repository+CoreDataProperties.swift */,
				112AFDFD202319C100D9DA1E /* RepositoryQuery+CoreDataClass.swift */,
				112AFDFE202319C100D9DA1E /* RepositoryQuery+CoreDataProperties.swift */,
			);
			path = Model;
			sourceTree = "<group>";
		};
		C37E47867AAC3FEA8EF489D3 /* Pods */ = {
			isa = PBXGroup;
			children = (
				09872B9BAE513440C09E15DD /* Pods-Gnoll.debug.xcconfig */,
				C36D468A3E3059AF18986824 /* Pods-Gnoll.release.xcconfig */,
				E231B917ADD456A7B0982152 /* Pods-GnollTests.debug.xcconfig */,
				9BE983A0386269E8EB9EE031 /* Pods-GnollTests.release.xcconfig */,
				3F0111F4E1A42A305C728A3F /* Pods-GnollUITests.debug.xcconfig */,
				A8D8997C40EF33E66599BA80 /* Pods-GnollUITests.release.xcconfig */,
			);
			name = Pods;
			sourceTree = "<group>";
		};
		F987D550C9AC9D623F7635A1 /* Frameworks */ = {
			isa = PBXGroup;
			children = (
				706531F5425B5E5FF6B53DC6 /* Pods_Gnoll.framework */,
				D9F0073FB804EBD55502A792 /* Pods_GnollTests.framework */,
				BF0A16AA9997D18E5D7E88F6 /* Pods_GnollUITests.framework */,
			);
			name = Frameworks;
			sourceTree = "<group>";
		};
/* End PBXGroup section */

/* Begin PBXNativeTarget section */
		11506F35201F7664006300F9 /* Gnoll */ = {
			isa = PBXNativeTarget;
			buildConfigurationList = 11506F61201F7664006300F9 /* Build configuration list for PBXNativeTarget "Gnoll" */;
			buildPhases = (
				64CF4E7B8BDCADEC3B5F1F3C /* [CP] Check Pods Manifest.lock */,
				11506F32201F7664006300F9 /* Sources */,
				11506F33201F7664006300F9 /* Frameworks */,
				11506F34201F7664006300F9 /* Resources */,
				19A23A22487CF393790EF4A0 /* [CP] Embed Pods Frameworks */,
				384D9F524388CE88D22A04A4 /* [CP] Copy Pods Resources */,
			);
			buildRules = (
			);
			dependencies = (
			);
			name = Gnoll;
			productName = Gnoll;
			productReference = 11506F36201F7664006300F9 /* Gnoll.app */;
			productType = "com.apple.product-type.application";
		};
		11506F4C201F7664006300F9 /* GnollTests */ = {
			isa = PBXNativeTarget;
			buildConfigurationList = 11506F64201F7664006300F9 /* Build configuration list for PBXNativeTarget "GnollTests" */;
			buildPhases = (
				7AB2AF7C9B18F1B62DF8E961 /* [CP] Check Pods Manifest.lock */,
				11506F49201F7664006300F9 /* Sources */,
				11506F4A201F7664006300F9 /* Frameworks */,
				11506F4B201F7664006300F9 /* Resources */,
				39BCD27B8C851F5249009EF1 /* [CP] Embed Pods Frameworks */,
				5EC8C07265C42945C94D6ABE /* [CP] Copy Pods Resources */,
			);
			buildRules = (
			);
			dependencies = (
				11506F4F201F7664006300F9 /* PBXTargetDependency */,
			);
			name = GnollTests;
			productName = GnollTests;
			productReference = 11506F4D201F7664006300F9 /* GnollTests.xctest */;
			productType = "com.apple.product-type.bundle.unit-test";
		};
		11506F57201F7664006300F9 /* GnollUITests */ = {
			isa = PBXNativeTarget;
			buildConfigurationList = 11506F67201F7664006300F9 /* Build configuration list for PBXNativeTarget "GnollUITests" */;
			buildPhases = (
				E57C93932DEC7C28D94C274E /* [CP] Check Pods Manifest.lock */,
				11506F54201F7664006300F9 /* Sources */,
				11506F55201F7664006300F9 /* Frameworks */,
				11506F56201F7664006300F9 /* Resources */,
				9B80E762E89829E5AC3C11DD /* [CP] Embed Pods Frameworks */,
				03766478A38F25CA5FCA5479 /* [CP] Copy Pods Resources */,
			);
			buildRules = (
			);
			dependencies = (
				11506F5A201F7664006300F9 /* PBXTargetDependency */,
			);
			name = GnollUITests;
			productName = GnollUITests;
			productReference = 11506F58201F7664006300F9 /* GnollUITests.xctest */;
			productType = "com.apple.product-type.bundle.ui-testing";
		};
/* End PBXNativeTarget section */

/* Begin PBXProject section */
		11506F2E201F7664006300F9 /* Project object */ = {
			isa = PBXProject;
			attributes = {
				LastSwiftUpdateCheck = 0920;
				LastUpgradeCheck = 0920;
				ORGANIZATIONNAME = "Jovito Royeca";
				TargetAttributes = {
					11506F35201F7664006300F9 = {
						CreatedOnToolsVersion = 9.2;
						ProvisioningStyle = Automatic;
					};
					11506F4C201F7664006300F9 = {
						CreatedOnToolsVersion = 9.2;
						ProvisioningStyle = Automatic;
						TestTargetID = 11506F35201F7664006300F9;
					};
					11506F57201F7664006300F9 = {
						CreatedOnToolsVersion = 9.2;
						ProvisioningStyle = Automatic;
						TestTargetID = 11506F35201F7664006300F9;
					};
				};
			};
			buildConfigurationList = 11506F31201F7664006300F9 /* Build configuration list for PBXProject "Gnoll" */;
			compatibilityVersion = "Xcode 8.0";
			developmentRegion = en;
			hasScannedForEncodings = 0;
			knownRegions = (
				en,
				Base,
			);
			mainGroup = 11506F2D201F7664006300F9;
			productRefGroup = 11506F37201F7664006300F9 /* Products */;
			projectDirPath = "";
			projectRoot = "";
			targets = (
				11506F35201F7664006300F9 /* Gnoll */,
				11506F4C201F7664006300F9 /* GnollTests */,
				11506F57201F7664006300F9 /* GnollUITests */,
			);
		};
/* End PBXProject section */

/* Begin PBXResourcesBuildPhase section */
		11506F34201F7664006300F9 /* Resources */ = {
			isa = PBXResourcesBuildPhase;
			buildActionMask = 2147483647;
			files = (
				11506F47201F7664006300F9 /* LaunchScreen.storyboard in Resources */,
				11506F44201F7664006300F9 /* Assets.xcassets in Resources */,
				11506F3F201F7664006300F9 /* Main.storyboard in Resources */,
			);
			runOnlyForDeploymentPostprocessing = 0;
		};
		11506F4B201F7664006300F9 /* Resources */ = {
			isa = PBXResourcesBuildPhase;
			buildActionMask = 2147483647;
			files = (
			);
			runOnlyForDeploymentPostprocessing = 0;
		};
		11506F56201F7664006300F9 /* Resources */ = {
			isa = PBXResourcesBuildPhase;
			buildActionMask = 2147483647;
			files = (
			);
			runOnlyForDeploymentPostprocessing = 0;
		};
/* End PBXResourcesBuildPhase section */

/* Begin PBXShellScriptBuildPhase section */
		03766478A38F25CA5FCA5479 /* [CP] Copy Pods Resources */ = {
			isa = PBXShellScriptBuildPhase;
			buildActionMask = 2147483647;
			files = (
			);
			inputPaths = (
			);
			name = "[CP] Copy Pods Resources";
			outputPaths = (
			);
			runOnlyForDeploymentPostprocessing = 0;
			shellPath = /bin/sh;
			shellScript = "\"${SRCROOT}/Pods/Target Support Files/Pods-GnollUITests/Pods-GnollUITests-resources.sh\"\n";
			showEnvVarsInLog = 0;
		};
		19A23A22487CF393790EF4A0 /* [CP] Embed Pods Frameworks */ = {
			isa = PBXShellScriptBuildPhase;
			buildActionMask = 2147483647;
			files = (
			);
			inputPaths = (
				"${SRCROOT}/Pods/Target Support Files/Pods-Gnoll/Pods-Gnoll-frameworks.sh",
				"${BUILT_PRODUCTS_DIR}/Alamofire/Alamofire.framework",
				"${BUILT_PRODUCTS_DIR}/DATASource/DATASource.framework",
				"${BUILT_PRODUCTS_DIR}/DATAStack/DATAStack.framework",
				"${BUILT_PRODUCTS_DIR}/Font-Awesome-Swift/Font_Awesome_Swift.framework",
				"${BUILT_PRODUCTS_DIR}/MBProgressHUD/MBProgressHUD.framework",
				"${BUILT_PRODUCTS_DIR}/OAuthSwift/OAuthSwift.framework",
				"${BUILT_PRODUCTS_DIR}/ObjectMapper/ObjectMapper.framework",
				"${BUILT_PRODUCTS_DIR}/SDWebImage/SDWebImage.framework",
				"${BUILT_PRODUCTS_DIR}/Sync/Sync.framework",
			);
			name = "[CP] Embed Pods Frameworks";
			outputPaths = (
				"${TARGET_BUILD_DIR}/${FRAMEWORKS_FOLDER_PATH}/Alamofire.framework",
				"${TARGET_BUILD_DIR}/${FRAMEWORKS_FOLDER_PATH}/DATASource.framework",
				"${TARGET_BUILD_DIR}/${FRAMEWORKS_FOLDER_PATH}/DATAStack.framework",
				"${TARGET_BUILD_DIR}/${FRAMEWORKS_FOLDER_PATH}/Font_Awesome_Swift.framework",
				"${TARGET_BUILD_DIR}/${FRAMEWORKS_FOLDER_PATH}/MBProgressHUD.framework",
				"${TARGET_BUILD_DIR}/${FRAMEWORKS_FOLDER_PATH}/OAuthSwift.framework",
				"${TARGET_BUILD_DIR}/${FRAMEWORKS_FOLDER_PATH}/ObjectMapper.framework",
				"${TARGET_BUILD_DIR}/${FRAMEWORKS_FOLDER_PATH}/SDWebImage.framework",
				"${TARGET_BUILD_DIR}/${FRAMEWORKS_FOLDER_PATH}/Sync.framework",
			);
			runOnlyForDeploymentPostprocessing = 0;
			shellPath = /bin/sh;
			shellScript = "\"${SRCROOT}/Pods/Target Support Files/Pods-Gnoll/Pods-Gnoll-frameworks.sh\"\n";
			showEnvVarsInLog = 0;
		};
		384D9F524388CE88D22A04A4 /* [CP] Copy Pods Resources */ = {
			isa = PBXShellScriptBuildPhase;
			buildActionMask = 2147483647;
			files = (
			);
			inputPaths = (
			);
			name = "[CP] Copy Pods Resources";
			outputPaths = (
			);
			runOnlyForDeploymentPostprocessing = 0;
			shellPath = /bin/sh;
			shellScript = "\"${SRCROOT}/Pods/Target Support Files/Pods-Gnoll/Pods-Gnoll-resources.sh\"\n";
			showEnvVarsInLog = 0;
		};
		39BCD27B8C851F5249009EF1 /* [CP] Embed Pods Frameworks */ = {
			isa = PBXShellScriptBuildPhase;
			buildActionMask = 2147483647;
			files = (
			);
			inputPaths = (
				"${SRCROOT}/Pods/Target Support Files/Pods-GnollTests/Pods-GnollTests-frameworks.sh",
				"${BUILT_PRODUCTS_DIR}/Alamofire/Alamofire.framework",
				"${BUILT_PRODUCTS_DIR}/DATASource/DATASource.framework",
				"${BUILT_PRODUCTS_DIR}/DATAStack/DATAStack.framework",
				"${BUILT_PRODUCTS_DIR}/Font-Awesome-Swift/Font_Awesome_Swift.framework",
				"${BUILT_PRODUCTS_DIR}/MBProgressHUD/MBProgressHUD.framework",
				"${BUILT_PRODUCTS_DIR}/OAuthSwift/OAuthSwift.framework",
				"${BUILT_PRODUCTS_DIR}/ObjectMapper/ObjectMapper.framework",
				"${BUILT_PRODUCTS_DIR}/SDWebImage/SDWebImage.framework",
				"${BUILT_PRODUCTS_DIR}/Sync/Sync.framework",
			);
			name = "[CP] Embed Pods Frameworks";
			outputPaths = (
				"${TARGET_BUILD_DIR}/${FRAMEWORKS_FOLDER_PATH}/Alamofire.framework",
				"${TARGET_BUILD_DIR}/${FRAMEWORKS_FOLDER_PATH}/DATASource.framework",
				"${TARGET_BUILD_DIR}/${FRAMEWORKS_FOLDER_PATH}/DATAStack.framework",
				"${TARGET_BUILD_DIR}/${FRAMEWORKS_FOLDER_PATH}/Font_Awesome_Swift.framework",
				"${TARGET_BUILD_DIR}/${FRAMEWORKS_FOLDER_PATH}/MBProgressHUD.framework",
				"${TARGET_BUILD_DIR}/${FRAMEWORKS_FOLDER_PATH}/OAuthSwift.framework",
				"${TARGET_BUILD_DIR}/${FRAMEWORKS_FOLDER_PATH}/ObjectMapper.framework",
				"${TARGET_BUILD_DIR}/${FRAMEWORKS_FOLDER_PATH}/SDWebImage.framework",
				"${TARGET_BUILD_DIR}/${FRAMEWORKS_FOLDER_PATH}/Sync.framework",
			);
			runOnlyForDeploymentPostprocessing = 0;
			shellPath = /bin/sh;
			shellScript = "\"${SRCROOT}/Pods/Target Support Files/Pods-GnollTests/Pods-GnollTests-frameworks.sh\"\n";
			showEnvVarsInLog = 0;
		};
		5EC8C07265C42945C94D6ABE /* [CP] Copy Pods Resources */ = {
			isa = PBXShellScriptBuildPhase;
			buildActionMask = 2147483647;
			files = (
			);
			inputPaths = (
			);
			name = "[CP] Copy Pods Resources";
			outputPaths = (
			);
			runOnlyForDeploymentPostprocessing = 0;
			shellPath = /bin/sh;
			shellScript = "\"${SRCROOT}/Pods/Target Support Files/Pods-GnollTests/Pods-GnollTests-resources.sh\"\n";
			showEnvVarsInLog = 0;
		};
		64CF4E7B8BDCADEC3B5F1F3C /* [CP] Check Pods Manifest.lock */ = {
			isa = PBXShellScriptBuildPhase;
			buildActionMask = 2147483647;
			files = (
			);
			inputPaths = (
				"${PODS_PODFILE_DIR_PATH}/Podfile.lock",
				"${PODS_ROOT}/Manifest.lock",
			);
			name = "[CP] Check Pods Manifest.lock";
			outputPaths = (
				"$(DERIVED_FILE_DIR)/Pods-Gnoll-checkManifestLockResult.txt",
			);
			runOnlyForDeploymentPostprocessing = 0;
			shellPath = /bin/sh;
			shellScript = "diff \"${PODS_PODFILE_DIR_PATH}/Podfile.lock\" \"${PODS_ROOT}/Manifest.lock\" > /dev/null\nif [ $? != 0 ] ; then\n    # print error to STDERR\n    echo \"error: The sandbox is not in sync with the Podfile.lock. Run 'pod install' or update your CocoaPods installation.\" >&2\n    exit 1\nfi\n# This output is used by Xcode 'outputs' to avoid re-running this script phase.\necho \"SUCCESS\" > \"${SCRIPT_OUTPUT_FILE_0}\"\n";
			showEnvVarsInLog = 0;
		};
		7AB2AF7C9B18F1B62DF8E961 /* [CP] Check Pods Manifest.lock */ = {
			isa = PBXShellScriptBuildPhase;
			buildActionMask = 2147483647;
			files = (
			);
			inputPaths = (
				"${PODS_PODFILE_DIR_PATH}/Podfile.lock",
				"${PODS_ROOT}/Manifest.lock",
			);
			name = "[CP] Check Pods Manifest.lock";
			outputPaths = (
				"$(DERIVED_FILE_DIR)/Pods-GnollTests-checkManifestLockResult.txt",
			);
			runOnlyForDeploymentPostprocessing = 0;
			shellPath = /bin/sh;
			shellScript = "diff \"${PODS_PODFILE_DIR_PATH}/Podfile.lock\" \"${PODS_ROOT}/Manifest.lock\" > /dev/null\nif [ $? != 0 ] ; then\n    # print error to STDERR\n    echo \"error: The sandbox is not in sync with the Podfile.lock. Run 'pod install' or update your CocoaPods installation.\" >&2\n    exit 1\nfi\n# This output is used by Xcode 'outputs' to avoid re-running this script phase.\necho \"SUCCESS\" > \"${SCRIPT_OUTPUT_FILE_0}\"\n";
			showEnvVarsInLog = 0;
		};
		9B80E762E89829E5AC3C11DD /* [CP] Embed Pods Frameworks */ = {
			isa = PBXShellScriptBuildPhase;
			buildActionMask = 2147483647;
			files = (
			);
			inputPaths = (
				"${SRCROOT}/Pods/Target Support Files/Pods-GnollUITests/Pods-GnollUITests-frameworks.sh",
				"${BUILT_PRODUCTS_DIR}/Alamofire/Alamofire.framework",
				"${BUILT_PRODUCTS_DIR}/DATASource/DATASource.framework",
				"${BUILT_PRODUCTS_DIR}/DATAStack/DATAStack.framework",
				"${BUILT_PRODUCTS_DIR}/Font-Awesome-Swift/Font_Awesome_Swift.framework",
				"${BUILT_PRODUCTS_DIR}/MBProgressHUD/MBProgressHUD.framework",
				"${BUILT_PRODUCTS_DIR}/OAuthSwift/OAuthSwift.framework",
				"${BUILT_PRODUCTS_DIR}/ObjectMapper/ObjectMapper.framework",
				"${BUILT_PRODUCTS_DIR}/SDWebImage/SDWebImage.framework",
				"${BUILT_PRODUCTS_DIR}/Sync/Sync.framework",
			);
			name = "[CP] Embed Pods Frameworks";
			outputPaths = (
				"${TARGET_BUILD_DIR}/${FRAMEWORKS_FOLDER_PATH}/Alamofire.framework",
				"${TARGET_BUILD_DIR}/${FRAMEWORKS_FOLDER_PATH}/DATASource.framework",
				"${TARGET_BUILD_DIR}/${FRAMEWORKS_FOLDER_PATH}/DATAStack.framework",
				"${TARGET_BUILD_DIR}/${FRAMEWORKS_FOLDER_PATH}/Font_Awesome_Swift.framework",
				"${TARGET_BUILD_DIR}/${FRAMEWORKS_FOLDER_PATH}/MBProgressHUD.framework",
				"${TARGET_BUILD_DIR}/${FRAMEWORKS_FOLDER_PATH}/OAuthSwift.framework",
				"${TARGET_BUILD_DIR}/${FRAMEWORKS_FOLDER_PATH}/ObjectMapper.framework",
				"${TARGET_BUILD_DIR}/${FRAMEWORKS_FOLDER_PATH}/SDWebImage.framework",
				"${TARGET_BUILD_DIR}/${FRAMEWORKS_FOLDER_PATH}/Sync.framework",
			);
			runOnlyForDeploymentPostprocessing = 0;
			shellPath = /bin/sh;
			shellScript = "\"${SRCROOT}/Pods/Target Support Files/Pods-GnollUITests/Pods-GnollUITests-frameworks.sh\"\n";
			showEnvVarsInLog = 0;
		};
		E57C93932DEC7C28D94C274E /* [CP] Check Pods Manifest.lock */ = {
			isa = PBXShellScriptBuildPhase;
			buildActionMask = 2147483647;
			files = (
			);
			inputPaths = (
				"${PODS_PODFILE_DIR_PATH}/Podfile.lock",
				"${PODS_ROOT}/Manifest.lock",
			);
			name = "[CP] Check Pods Manifest.lock";
			outputPaths = (
				"$(DERIVED_FILE_DIR)/Pods-GnollUITests-checkManifestLockResult.txt",
			);
			runOnlyForDeploymentPostprocessing = 0;
			shellPath = /bin/sh;
			shellScript = "diff \"${PODS_PODFILE_DIR_PATH}/Podfile.lock\" \"${PODS_ROOT}/Manifest.lock\" > /dev/null\nif [ $? != 0 ] ; then\n    # print error to STDERR\n    echo \"error: The sandbox is not in sync with the Podfile.lock. Run 'pod install' or update your CocoaPods installation.\" >&2\n    exit 1\nfi\n# This output is used by Xcode 'outputs' to avoid re-running this script phase.\necho \"SUCCESS\" > \"${SCRIPT_OUTPUT_FILE_0}\"\n";
			showEnvVarsInLog = 0;
		};
/* End PBXShellScriptBuildPhase section */

/* Begin PBXSourcesBuildPhase section */
		11506F32201F7664006300F9 /* Sources */ = {
			isa = PBXSourcesBuildPhase;
			buildActionMask = 2147483647;
			files = (
				112AFE2E20233B8700D9DA1E /* MyRepositoriesRemoteDataManager.swift in Sources */,
				1107F2B5202094BB000E7579 /* RepositoriesRemoteDataManager.swift in Sources */,
				112AFE1C2023268600D9DA1E /* OwnerTableViewCell.swift in Sources */,
				112AFE182023267900D9DA1E /* RepositoryDetailTableViewCell.swift in Sources */,
				112AFE02202319C100D9DA1E /* Repository+CoreDataProperties.swift in Sources */,
				1107F2A3202088F9000E7579 /* LicenseEntity.swift in Sources */,
				112AFE0B202319C100D9DA1E /* License+CoreDataClass.swift in Sources */,
				112AFE14202319C100D9DA1E /* RepositoryQuery+CoreDataProperties.swift in Sources */,
				1107F2AB20208926000E7579 /* OwnerEntity.swift in Sources */,
				112AFDE42022DCFB00D9DA1E /* RepositoryDetailViewController.swift in Sources */,
				112AFE05202319C100D9DA1E /* Owner+CoreDataClass.swift in Sources */,
				118FD63520206A7E00E17DEA /* RepositoriesViewController.swift in Sources */,
				112AFDFF202319C100D9DA1E /* Repository+CoreDataClass.swift in Sources */,
				112AFE3220233B9C00D9DA1E /* MyRepositoriesLocalDataManager.swift in Sources */,
				1140740D2020A64900EC0646 /* RepositoriesLocalDataManager.swift in Sources */,
				1107F2B920209607000E7579 /* RepositoriesPresenter.swift in Sources */,
				112AFDF42022E4FC00D9DA1E /* RepositoryDetailLocalDataManager.swift in Sources */,
				112AFDE02022D86E00D9DA1E /* RepositoryDetailProtocols.swift in Sources */,
				118FD63D20206EA900E17DEA /* RepositoriesProtocols.swift in Sources */,
				112AFE08202319C100D9DA1E /* Owner+CoreDataProperties.swift in Sources */,
				112AFE11202319C100D9DA1E /* RepositoryQuery+CoreDataClass.swift in Sources */,
				118FD63920206D4A00E17DEA /* RepositoriesRouter.swift in Sources */,
				112AFDF02022E4E800D9DA1E /* RepositoryDetailRemoteDataManager.swift in Sources */,
				118FD6312020695200E17DEA /* MainViewController.swift in Sources */,
				112AFDE82022DF3E00D9DA1E /* RepositoryDetailPresenter.swift in Sources */,
				11506F42201F7664006300F9 /* Gnoll.xcdatamodeld in Sources */,
				1107F2A720208917000E7579 /* RepositoryEntity.swift in Sources */,
				112AFDD42022913D00D9DA1E /* RepositoryTableViewCell.swift in Sources */,
				112AFDEC2022E0C900D9DA1E /* RepositoryDetailInteractor.swift in Sources */,
				112AFDDC2022D7CB00D9DA1E /* RepositoryDetailRouter.swift in Sources */,
				112AFDD82022BE3900D9DA1E /* MessageTableViewCell.swift in Sources */,
				1107F2B12020941F000E7579 /* RepositoriesInteractor.swift in Sources */,
				112AFE0E202319C100D9DA1E /* License+CoreDataProperties.swift in Sources */,
				11506F3A201F7664006300F9 /* AppDelegate.swift in Sources */,
				112AFE3620233CEE00D9DA1E /* Constants.swift in Sources */,
			);
			runOnlyForDeploymentPostprocessing = 0;
		};
		11506F49201F7664006300F9 /* Sources */ = {
			isa = PBXSourcesBuildPhase;
			buildActionMask = 2147483647;
			files = (
				112AFE2F20233B8700D9DA1E /* MyRepositoriesRemoteDataManager.swift in Sources */,
				1107F2B6202094BB000E7579 /* RepositoriesRemoteDataManager.swift in Sources */,
				112AFE1D2023268600D9DA1E /* OwnerTableViewCell.swift in Sources */,
				112AFE192023267900D9DA1E /* RepositoryDetailTableViewCell.swift in Sources */,
				112AFE03202319C100D9DA1E /* Repository+CoreDataProperties.swift in Sources */,
				1107F2A4202088F9000E7579 /* LicenseEntity.swift in Sources */,
				112AFE0C202319C100D9DA1E /* License+CoreDataClass.swift in Sources */,
				112AFE15202319C100D9DA1E /* RepositoryQuery+CoreDataProperties.swift in Sources */,
				1107F2AC20208926000E7579 /* OwnerEntity.swift in Sources */,
				112AFDE52022DCFB00D9DA1E /* RepositoryDetailViewController.swift in Sources */,
				112AFE06202319C100D9DA1E /* Owner+CoreDataClass.swift in Sources */,
				118FD6432020811A00E17DEA /* Gnoll.xcdatamodeld in Sources */,
				112AFE00202319C100D9DA1E /* Repository+CoreDataClass.swift in Sources */,
				112AFE3320233B9C00D9DA1E /* MyRepositoriesLocalDataManager.swift in Sources */,
				1140740E2020A64900EC0646 /* RepositoriesLocalDataManager.swift in Sources */,
				1107F2BA20209607000E7579 /* RepositoriesPresenter.swift in Sources */,
				112AFDF52022E4FC00D9DA1E /* RepositoryDetailLocalDataManager.swift in Sources */,
				112AFDE12022D86E00D9DA1E /* RepositoryDetailProtocols.swift in Sources */,
				118FD63A20206D4A00E17DEA /* RepositoriesRouter.swift in Sources */,
				112AFE09202319C100D9DA1E /* Owner+CoreDataProperties.swift in Sources */,
				112AFE12202319C100D9DA1E /* RepositoryQuery+CoreDataClass.swift in Sources */,
				11506F52201F7664006300F9 /* GnollTests.swift in Sources */,
				112AFDF12022E4E800D9DA1E /* RepositoryDetailRemoteDataManager.swift in Sources */,
				118FD63620206A7E00E17DEA /* RepositoriesViewController.swift in Sources */,
				112AFDE92022DF3E00D9DA1E /* RepositoryDetailPresenter.swift in Sources */,
				118FD63E20206EA900E17DEA /* RepositoriesProtocols.swift in Sources */,
				1107F2A820208917000E7579 /* RepositoryEntity.swift in Sources */,
				112AFDD52022913D00D9DA1E /* RepositoryTableViewCell.swift in Sources */,
				112AFDED2022E0C900D9DA1E /* RepositoryDetailInteractor.swift in Sources */,
				112AFDDD2022D7CB00D9DA1E /* RepositoryDetailRouter.swift in Sources */,
				112AFDD92022BE3900D9DA1E /* MessageTableViewCell.swift in Sources */,
				1107F2B22020941F000E7579 /* RepositoriesInteractor.swift in Sources */,
				112AFE0F202319C100D9DA1E /* License+CoreDataProperties.swift in Sources */,
				118FD6322020695200E17DEA /* MainViewController.swift in Sources */,
				112AFE3720233CEE00D9DA1E /* Constants.swift in Sources */,
			);
			runOnlyForDeploymentPostprocessing = 0;
		};
		11506F54201F7664006300F9 /* Sources */ = {
			isa = PBXSourcesBuildPhase;
			buildActionMask = 2147483647;
			files = (
				112AFE3020233B8700D9DA1E /* MyRepositoriesRemoteDataManager.swift in Sources */,
				1107F2B7202094BB000E7579 /* RepositoriesRemoteDataManager.swift in Sources */,
				112AFE1E2023268600D9DA1E /* OwnerTableViewCell.swift in Sources */,
				112AFE1A2023267900D9DA1E /* RepositoryDetailTableViewCell.swift in Sources */,
				112AFE04202319C100D9DA1E /* Repository+CoreDataProperties.swift in Sources */,
				1107F2A5202088F9000E7579 /* LicenseEntity.swift in Sources */,
				112AFE0D202319C100D9DA1E /* License+CoreDataClass.swift in Sources */,
				112AFE16202319C100D9DA1E /* RepositoryQuery+CoreDataProperties.swift in Sources */,
				1107F2AD20208926000E7579 /* OwnerEntity.swift in Sources */,
				112AFDE62022DCFB00D9DA1E /* RepositoryDetailViewController.swift in Sources */,
				112AFE07202319C100D9DA1E /* Owner+CoreDataClass.swift in Sources */,
				118FD6442020811B00E17DEA /* Gnoll.xcdatamodeld in Sources */,
				112AFE01202319C100D9DA1E /* Repository+CoreDataClass.swift in Sources */,
				112AFE3420233B9C00D9DA1E /* MyRepositoriesLocalDataManager.swift in Sources */,
				1140740F2020A64900EC0646 /* RepositoriesLocalDataManager.swift in Sources */,
				1107F2BB20209607000E7579 /* RepositoriesPresenter.swift in Sources */,
				112AFDF62022E4FC00D9DA1E /* RepositoryDetailLocalDataManager.swift in Sources */,
				112AFDE22022D86E00D9DA1E /* RepositoryDetailProtocols.swift in Sources */,
				118FD63B20206D4A00E17DEA /* RepositoriesRouter.swift in Sources */,
				112AFE0A202319C100D9DA1E /* Owner+CoreDataProperties.swift in Sources */,
				112AFE13202319C100D9DA1E /* RepositoryQuery+CoreDataClass.swift in Sources */,
				11506F5D201F7664006300F9 /* GnollUITests.swift in Sources */,
				112AFDF22022E4E800D9DA1E /* RepositoryDetailRemoteDataManager.swift in Sources */,
				118FD63720206A7E00E17DEA /* RepositoriesViewController.swift in Sources */,
				112AFDEA2022DF3E00D9DA1E /* RepositoryDetailPresenter.swift in Sources */,
				118FD63F20206EA900E17DEA /* RepositoriesProtocols.swift in Sources */,
				1107F2A920208917000E7579 /* RepositoryEntity.swift in Sources */,
				112AFDD62022913D00D9DA1E /* RepositoryTableViewCell.swift in Sources */,
				112AFDEE2022E0C900D9DA1E /* RepositoryDetailInteractor.swift in Sources */,
				112AFDDE2022D7CB00D9DA1E /* RepositoryDetailRouter.swift in Sources */,
				112AFDDA2022BE3900D9DA1E /* MessageTableViewCell.swift in Sources */,
				1107F2B32020941F000E7579 /* RepositoriesInteractor.swift in Sources */,
				112AFE10202319C100D9DA1E /* License+CoreDataProperties.swift in Sources */,
				118FD6332020695200E17DEA /* MainViewController.swift in Sources */,
				112AFE3820233CEE00D9DA1E /* Constants.swift in Sources */,
			);
			runOnlyForDeploymentPostprocessing = 0;
		};
/* End PBXSourcesBuildPhase section */

/* Begin PBXTargetDependency section */
		11506F4F201F7664006300F9 /* PBXTargetDependency */ = {
			isa = PBXTargetDependency;
			target = 11506F35201F7664006300F9 /* Gnoll */;
			targetProxy = 11506F4E201F7664006300F9 /* PBXContainerItemProxy */;
		};
		11506F5A201F7664006300F9 /* PBXTargetDependency */ = {
			isa = PBXTargetDependency;
			target = 11506F35201F7664006300F9 /* Gnoll */;
			targetProxy = 11506F59201F7664006300F9 /* PBXContainerItemProxy */;
		};
/* End PBXTargetDependency section */

/* Begin PBXVariantGroup section */
		11506F3D201F7664006300F9 /* Main.storyboard */ = {
			isa = PBXVariantGroup;
			children = (
				11506F3E201F7664006300F9 /* Base */,
			);
			name = Main.storyboard;
			sourceTree = "<group>";
		};
		11506F45201F7664006300F9 /* LaunchScreen.storyboard */ = {
			isa = PBXVariantGroup;
			children = (
				11506F46201F7664006300F9 /* Base */,
			);
			name = LaunchScreen.storyboard;
			sourceTree = "<group>";
		};
/* End PBXVariantGroup section */

/* Begin XCBuildConfiguration section */
		11506F5F201F7664006300F9 /* Debug */ = {
			isa = XCBuildConfiguration;
			buildSettings = {
				ALWAYS_SEARCH_USER_PATHS = NO;
				CLANG_ANALYZER_NONNULL = YES;
				CLANG_ANALYZER_NUMBER_OBJECT_CONVERSION = YES_AGGRESSIVE;
				CLANG_CXX_LANGUAGE_STANDARD = "gnu++14";
				CLANG_CXX_LIBRARY = "libc++";
				CLANG_ENABLE_MODULES = YES;
				CLANG_ENABLE_OBJC_ARC = YES;
				CLANG_WARN_BLOCK_CAPTURE_AUTORELEASING = YES;
				CLANG_WARN_BOOL_CONVERSION = YES;
				CLANG_WARN_COMMA = YES;
				CLANG_WARN_CONSTANT_CONVERSION = YES;
				CLANG_WARN_DIRECT_OBJC_ISA_USAGE = YES_ERROR;
				CLANG_WARN_DOCUMENTATION_COMMENTS = YES;
				CLANG_WARN_EMPTY_BODY = YES;
				CLANG_WARN_ENUM_CONVERSION = YES;
				CLANG_WARN_INFINITE_RECURSION = YES;
				CLANG_WARN_INT_CONVERSION = YES;
				CLANG_WARN_NON_LITERAL_NULL_CONVERSION = YES;
				CLANG_WARN_OBJC_LITERAL_CONVERSION = YES;
				CLANG_WARN_OBJC_ROOT_CLASS = YES_ERROR;
				CLANG_WARN_RANGE_LOOP_ANALYSIS = YES;
				CLANG_WARN_STRICT_PROTOTYPES = YES;
				CLANG_WARN_SUSPICIOUS_MOVE = YES;
				CLANG_WARN_UNGUARDED_AVAILABILITY = YES_AGGRESSIVE;
				CLANG_WARN_UNREACHABLE_CODE = YES;
				CLANG_WARN__DUPLICATE_METHOD_MATCH = YES;
				CODE_SIGN_IDENTITY = "iPhone Developer";
				COPY_PHASE_STRIP = NO;
				DEBUG_INFORMATION_FORMAT = dwarf;
				ENABLE_STRICT_OBJC_MSGSEND = YES;
				ENABLE_TESTABILITY = YES;
				GCC_C_LANGUAGE_STANDARD = gnu11;
				GCC_DYNAMIC_NO_PIC = NO;
				GCC_NO_COMMON_BLOCKS = YES;
				GCC_OPTIMIZATION_LEVEL = 0;
				GCC_PREPROCESSOR_DEFINITIONS = (
					"DEBUG=1",
					"$(inherited)",
				);
				GCC_WARN_64_TO_32_BIT_CONVERSION = YES;
				GCC_WARN_ABOUT_RETURN_TYPE = YES_ERROR;
				GCC_WARN_UNDECLARED_SELECTOR = YES;
				GCC_WARN_UNINITIALIZED_AUTOS = YES_AGGRESSIVE;
				GCC_WARN_UNUSED_FUNCTION = YES;
				GCC_WARN_UNUSED_VARIABLE = YES;
				IPHONEOS_DEPLOYMENT_TARGET = 11.2;
				MTL_ENABLE_DEBUG_INFO = YES;
				ONLY_ACTIVE_ARCH = YES;
				SDKROOT = iphoneos;
				SWIFT_ACTIVE_COMPILATION_CONDITIONS = DEBUG;
				SWIFT_OPTIMIZATION_LEVEL = "-Onone";
			};
			name = Debug;
		};
		11506F60201F7664006300F9 /* Release */ = {
			isa = XCBuildConfiguration;
			buildSettings = {
				ALWAYS_SEARCH_USER_PATHS = NO;
				CLANG_ANALYZER_NONNULL = YES;
				CLANG_ANALYZER_NUMBER_OBJECT_CONVERSION = YES_AGGRESSIVE;
				CLANG_CXX_LANGUAGE_STANDARD = "gnu++14";
				CLANG_CXX_LIBRARY = "libc++";
				CLANG_ENABLE_MODULES = YES;
				CLANG_ENABLE_OBJC_ARC = YES;
				CLANG_WARN_BLOCK_CAPTURE_AUTORELEASING = YES;
				CLANG_WARN_BOOL_CONVERSION = YES;
				CLANG_WARN_COMMA = YES;
				CLANG_WARN_CONSTANT_CONVERSION = YES;
				CLANG_WARN_DIRECT_OBJC_ISA_USAGE = YES_ERROR;
				CLANG_WARN_DOCUMENTATION_COMMENTS = YES;
				CLANG_WARN_EMPTY_BODY = YES;
				CLANG_WARN_ENUM_CONVERSION = YES;
				CLANG_WARN_INFINITE_RECURSION = YES;
				CLANG_WARN_INT_CONVERSION = YES;
				CLANG_WARN_NON_LITERAL_NULL_CONVERSION = YES;
				CLANG_WARN_OBJC_LITERAL_CONVERSION = YES;
				CLANG_WARN_OBJC_ROOT_CLASS = YES_ERROR;
				CLANG_WARN_RANGE_LOOP_ANALYSIS = YES;
				CLANG_WARN_STRICT_PROTOTYPES = YES;
				CLANG_WARN_SUSPICIOUS_MOVE = YES;
				CLANG_WARN_UNGUARDED_AVAILABILITY = YES_AGGRESSIVE;
				CLANG_WARN_UNREACHABLE_CODE = YES;
				CLANG_WARN__DUPLICATE_METHOD_MATCH = YES;
				CODE_SIGN_IDENTITY = "iPhone Developer";
				COPY_PHASE_STRIP = NO;
				DEBUG_INFORMATION_FORMAT = "dwarf-with-dsym";
				ENABLE_NS_ASSERTIONS = NO;
				ENABLE_STRICT_OBJC_MSGSEND = YES;
				GCC_C_LANGUAGE_STANDARD = gnu11;
				GCC_NO_COMMON_BLOCKS = YES;
				GCC_WARN_64_TO_32_BIT_CONVERSION = YES;
				GCC_WARN_ABOUT_RETURN_TYPE = YES_ERROR;
				GCC_WARN_UNDECLARED_SELECTOR = YES;
				GCC_WARN_UNINITIALIZED_AUTOS = YES_AGGRESSIVE;
				GCC_WARN_UNUSED_FUNCTION = YES;
				GCC_WARN_UNUSED_VARIABLE = YES;
				IPHONEOS_DEPLOYMENT_TARGET = 11.2;
				MTL_ENABLE_DEBUG_INFO = NO;
				SDKROOT = iphoneos;
				SWIFT_OPTIMIZATION_LEVEL = "-Owholemodule";
				VALIDATE_PRODUCT = YES;
			};
			name = Release;
		};
		11506F62201F7664006300F9 /* Debug */ = {
			isa = XCBuildConfiguration;
			baseConfigurationReference = 09872B9BAE513440C09E15DD /* Pods-Gnoll.debug.xcconfig */;
			buildSettings = {
				ASSETCATALOG_COMPILER_APPICON_NAME = AppIcon;
				CODE_SIGN_STYLE = Automatic;
				INFOPLIST_FILE = Gnoll/Info.plist;
				LD_RUNPATH_SEARCH_PATHS = "$(inherited) @executable_path/Frameworks";
				PRODUCT_BUNDLE_IDENTIFIER = com.jovitoroyeca.Gnoll;
				PRODUCT_NAME = "$(TARGET_NAME)";
				SWIFT_VERSION = 4.0;
				TARGETED_DEVICE_FAMILY = "1,2";
			};
			name = Debug;
		};
		11506F63201F7664006300F9 /* Release */ = {
			isa = XCBuildConfiguration;
			baseConfigurationReference = C36D468A3E3059AF18986824 /* Pods-Gnoll.release.xcconfig */;
			buildSettings = {
				ASSETCATALOG_COMPILER_APPICON_NAME = AppIcon;
				CODE_SIGN_STYLE = Automatic;
				INFOPLIST_FILE = Gnoll/Info.plist;
				LD_RUNPATH_SEARCH_PATHS = "$(inherited) @executable_path/Frameworks";
				PRODUCT_BUNDLE_IDENTIFIER = com.jovitoroyeca.Gnoll;
				PRODUCT_NAME = "$(TARGET_NAME)";
				SWIFT_VERSION = 4.0;
				TARGETED_DEVICE_FAMILY = "1,2";
			};
			name = Release;
		};
		11506F65201F7664006300F9 /* Debug */ = {
			isa = XCBuildConfiguration;
			baseConfigurationReference = E231B917ADD456A7B0982152 /* Pods-GnollTests.debug.xcconfig */;
			buildSettings = {
				ALWAYS_EMBED_SWIFT_STANDARD_LIBRARIES = YES;
				BUNDLE_LOADER = "$(TEST_HOST)";
				CODE_SIGN_STYLE = Automatic;
				INFOPLIST_FILE = GnollTests/Info.plist;
				LD_RUNPATH_SEARCH_PATHS = "$(inherited) @executable_path/Frameworks @loader_path/Frameworks";
				PRODUCT_BUNDLE_IDENTIFIER = com.jovitoroyeca.GnollTests;
				PRODUCT_NAME = "$(TARGET_NAME)";
				SWIFT_VERSION = 4.0;
				TARGETED_DEVICE_FAMILY = "1,2";
				TEST_HOST = "$(BUILT_PRODUCTS_DIR)/Gnoll.app/Gnoll";
			};
			name = Debug;
		};
		11506F66201F7664006300F9 /* Release */ = {
			isa = XCBuildConfiguration;
			baseConfigurationReference = 9BE983A0386269E8EB9EE031 /* Pods-GnollTests.release.xcconfig */;
			buildSettings = {
				ALWAYS_EMBED_SWIFT_STANDARD_LIBRARIES = YES;
				BUNDLE_LOADER = "$(TEST_HOST)";
				CODE_SIGN_STYLE = Automatic;
				INFOPLIST_FILE = GnollTests/Info.plist;
				LD_RUNPATH_SEARCH_PATHS = "$(inherited) @executable_path/Frameworks @loader_path/Frameworks";
				PRODUCT_BUNDLE_IDENTIFIER = com.jovitoroyeca.GnollTests;
				PRODUCT_NAME = "$(TARGET_NAME)";
				SWIFT_VERSION = 4.0;
				TARGETED_DEVICE_FAMILY = "1,2";
				TEST_HOST = "$(BUILT_PRODUCTS_DIR)/Gnoll.app/Gnoll";
			};
			name = Release;
		};
		11506F68201F7664006300F9 /* Debug */ = {
			isa = XCBuildConfiguration;
			baseConfigurationReference = 3F0111F4E1A42A305C728A3F /* Pods-GnollUITests.debug.xcconfig */;
			buildSettings = {
				ALWAYS_EMBED_SWIFT_STANDARD_LIBRARIES = YES;
				CODE_SIGN_STYLE = Automatic;
				INFOPLIST_FILE = GnollUITests/Info.plist;
				LD_RUNPATH_SEARCH_PATHS = "$(inherited) @executable_path/Frameworks @loader_path/Frameworks";
				PRODUCT_BUNDLE_IDENTIFIER = com.jovitoroyeca.GnollUITests;
				PRODUCT_NAME = "$(TARGET_NAME)";
				SWIFT_VERSION = 4.0;
				TARGETED_DEVICE_FAMILY = "1,2";
				TEST_TARGET_NAME = Gnoll;
			};
			name = Debug;
		};
		11506F69201F7664006300F9 /* Release */ = {
			isa = XCBuildConfiguration;
			baseConfigurationReference = A8D8997C40EF33E66599BA80 /* Pods-GnollUITests.release.xcconfig */;
			buildSettings = {
				ALWAYS_EMBED_SWIFT_STANDARD_LIBRARIES = YES;
				CODE_SIGN_STYLE = Automatic;
				INFOPLIST_FILE = GnollUITests/Info.plist;
				LD_RUNPATH_SEARCH_PATHS = "$(inherited) @executable_path/Frameworks @loader_path/Frameworks";
				PRODUCT_BUNDLE_IDENTIFIER = com.jovitoroyeca.GnollUITests;
				PRODUCT_NAME = "$(TARGET_NAME)";
				SWIFT_VERSION = 4.0;
				TARGETED_DEVICE_FAMILY = "1,2";
				TEST_TARGET_NAME = Gnoll;
			};
			name = Release;
		};
/* End XCBuildConfiguration section */

/* Begin XCConfigurationList section */
		11506F31201F7664006300F9 /* Build configuration list for PBXProject "Gnoll" */ = {
			isa = XCConfigurationList;
			buildConfigurations = (
				11506F5F201F7664006300F9 /* Debug */,
				11506F60201F7664006300F9 /* Release */,
			);
			defaultConfigurationIsVisible = 0;
			defaultConfigurationName = Release;
		};
		11506F61201F7664006300F9 /* Build configuration list for PBXNativeTarget "Gnoll" */ = {
			isa = XCConfigurationList;
			buildConfigurations = (
				11506F62201F7664006300F9 /* Debug */,
				11506F63201F7664006300F9 /* Release */,
			);
			defaultConfigurationIsVisible = 0;
			defaultConfigurationName = Release;
		};
		11506F64201F7664006300F9 /* Build configuration list for PBXNativeTarget "GnollTests" */ = {
			isa = XCConfigurationList;
			buildConfigurations = (
				11506F65201F7664006300F9 /* Debug */,
				11506F66201F7664006300F9 /* Release */,
			);
			defaultConfigurationIsVisible = 0;
			defaultConfigurationName = Release;
		};
		11506F67201F7664006300F9 /* Build configuration list for PBXNativeTarget "GnollUITests" */ = {
			isa = XCConfigurationList;
			buildConfigurations = (
				11506F68201F7664006300F9 /* Debug */,
				11506F69201F7664006300F9 /* Release */,
			);
			defaultConfigurationIsVisible = 0;
			defaultConfigurationName = Release;
		};
/* End XCConfigurationList section */

/* Begin XCVersionGroup section */
		11506F40201F7664006300F9 /* Gnoll.xcdatamodeld */ = {
			isa = XCVersionGroup;
			children = (
				112AFDD220214A1200D9DA1E /* Gnoll 2.xcdatamodel */,
				11506F41201F7664006300F9 /* Gnoll.xcdatamodel */,
			);
			currentVersion = 11506F41201F7664006300F9 /* Gnoll.xcdatamodel */;
			path = Gnoll.xcdatamodeld;
			sourceTree = "<group>";
			versionGroupType = wrapper.xcdatamodel;
		};
/* End XCVersionGroup section */
	};
	rootObject = 11506F2E201F7664006300F9 /* Project object */;
}
